{
    "_meta": {
        "hash": {
            "sha256": "05553ab80b876207c4d09b6f8dc9148fb89571d96d693095ba4f38578214593b"
        },
        "pipfile-spec": 6,
        "requires": {
            "python_version": "2.7"
        },
        "sources": [
            {
                "name": "pypi",
                "url": "https://pypi.org/simple",
                "verify_ssl": true
            }
        ]
    },
    "default": {
        "evernote": {
            "hashes": [
                "sha256:796847e0b7517e729041c5187fa1665c3f6fc0491cb4d71fb95a62c4f22e64eb"
            ],
            "index": "pypi",
            "version": "==1.25.3"
        },
        "httplib2": {
            "hashes": [
                "sha256:34537dcdd5e0f2386d29e0e2c6d4a1703a3b982d34c198a5102e6e5d6194b107",
                "sha256:409fa5509298f739b34d5a652df762cb0042507dc93f6633e306b11289d6249d"
            ],
            "version": "==0.14.0"
        },
        "oauth2": {
            "hashes": [
                "sha256:15b5c42301f46dd63113f1214b0d81a8b16254f65a86d3c32a1b52297f3266e6",
                "sha256:c006a85e7c60107c7cc6da1b184b5c719f6dd7202098196dfa6e55df669b59bf"
            ],
            "version": "==1.9.0.post1"
        }
    },
    "develop": {}
}
